
Microsoft Visual Studio Solution File, Format Version 12.00
# Visual Studio Version 17
VisualStudioVersion = 17.0.31912.275
MinimumVisualStudioVersion = 10.0.40219.1
Project("{FAE04EC0-301F-11D3-BF4B-00C04F79EFBC}") = "CaRuSeLL.az", "CaRuSeLL.az\CaRuSeLL.az.csproj", "{646C95F1-D3BF-48EB-92A1-32A2CC8A763B}"
EndProject
Global
	GlobalSection(SolutionConfigurationPlatforms) = preSolution
		Debug|Any CPU = Debug|Any CPU
		Release|Any CPU = Release|Any CPU
	EndGlobalSection
	GlobalSection(ProjectConfigurationPlatforms) = postSolution
		{646C95F1-D3BF-48EB-92A1-32A2CC8A763B}.Debug|Any CPU.ActiveCfg = Debug|Any CPU
		{646C95F1-D3BF-48EB-92A1-32A2CC8A763B}.Debug|Any CPU.Build.0 = Debug|Any CPU
		{646C95F1-D3BF-48EB-92A1-32A2CC8A763B}.Release|Any CPU.ActiveCfg = Release|Any CPU
		{646C95F1-D3BF-48EB-92A1-32A2CC8A763B}.Release|Any CPU.Build.0 = Release|Any CPU
	EndGlobalSection
	GlobalSection(SolutionProperties) = preSolution
		HideSolutionNode = FALSE
	EndGlobalSection
	GlobalSection(ExtensibilityGlobals) = postSolution
		SolutionGuid = {E1C4DF41-4ECD-46BB-BCCC-0F69BFC7CE6E}
	EndGlobalSection
EndGlobal
